
Microsoft Visual Studio Solution File, Format Version 12.00
# Visual Studio 15
Project("{FAE04EC0-301F-11D3-BF4B-00C04F79EFBC}") = "EFCorePractice", "EFCorePractice\EFCorePractice.csproj", "{E456099A-861F-4AED-9584-08969691070F}"
EndProject
Project("{FAE04EC0-301F-11D3-BF4B-00C04F79EFBC}") = "EFCorePracticeTest", "EFCorePracticeTest\EFCorePracticeTest.csproj", "{EE07A910-F343-4B6E-91C1-D46722A7DB83}"
EndProject
Project("{2150E333-8FDC-42A3-9474-1A3956D46DE8}") = "SolutionFolder", "SolutionFolder", "{973DC44F-D77B-43B5-A88B-9FEBF4CA4FD8}"
ProjectSection(SolutionItems) = preProject
	README.md = README.md
EndProjectSection
EndProject
Global
	GlobalSection(SolutionConfigurationPlatforms) = preSolution
		Debug|Any CPU = Debug|Any CPU
		Release|Any CPU = Release|Any CPU
	EndGlobalSection
	GlobalSection(ProjectConfigurationPlatforms) = postSolution
		{E456099A-861F-4AED-9584-08969691070F}.Debug|Any CPU.ActiveCfg = Debug|Any CPU
		{E456099A-861F-4AED-9584-08969691070F}.Debug|Any CPU.Build.0 = Debug|Any CPU
		{E456099A-861F-4AED-9584-08969691070F}.Release|Any CPU.ActiveCfg = Release|Any CPU
		{E456099A-861F-4AED-9584-08969691070F}.Release|Any CPU.Build.0 = Release|Any CPU
		{EE07A910-F343-4B6E-91C1-D46722A7DB83}.Debug|Any CPU.ActiveCfg = Debug|Any CPU
		{EE07A910-F343-4B6E-91C1-D46722A7DB83}.Debug|Any CPU.Build.0 = Debug|Any CPU
		{EE07A910-F343-4B6E-91C1-D46722A7DB83}.Release|Any CPU.ActiveCfg = Release|Any CPU
		{EE07A910-F343-4B6E-91C1-D46722A7DB83}.Release|Any CPU.Build.0 = Release|Any CPU
	EndGlobalSection
EndGlobal
